
Microsoft Visual Studio Solution File, Format Version 12.00
# Visual Studio Version 16
VisualStudioVersion = 16.0.29324.140
MinimumVisualStudioVersion = 10.0.40219.1
Project("{FAE04EC0-301F-11D3-BF4B-00C04F79EFBC}") = "WindowsFormsApp1", "WindowsFormsApp1\WindowsFormsApp1.csproj", "{00E86650-6061-41E7-9E94-2C836B728F07}"
EndProject
Global
	GlobalSection(SolutionConfigurationPlatforms) = preSolution
		Debug|Any CPU = Debug|Any CPU
		Release|Any CPU = Release|Any CPU
	EndGlobalSection
	GlobalSection(ProjectConfigurationPlatforms) = postSolution
		{00E86650-6061-41E7-9E94-2C836B728F07}.Debug|Any CPU.ActiveCfg = Debug|Any CPU
		{00E86650-6061-41E7-9E94-2C836B728F07}.Debug|Any CPU.Build.0 = Debug|Any CPU
		{00E86650-6061-41E7-9E94-2C836B728F07}.Release|Any CPU.ActiveCfg = Release|Any CPU
		{00E86650-6061-41E7-9E94-2C836B728F07}.Release|Any CPU.Build.0 = Release|Any CPU
	EndGlobalSection
	GlobalSection(SolutionProperties) = preSolution
		HideSolutionNode = FALSE
	EndGlobalSection
	GlobalSection(ExtensibilityGlobals) = postSolution
		SolutionGuid = {CD8821CE-900E-4A6B-8915-05C5B8E8CB57}
	EndGlobalSection
EndGlobal
